// !$*UTF8*$!
{
	archiveVersion = 1;
	classes = {
	};
	objectVersion = 56;
	objects = {

/* Begin PBXBuildFile section */
		070632312CA68FA7001F884B /* config.plist in Resources */ = {isa = PBXBuildFile; fileRef = 070632302CA68FA7001F884B /* config.plist */; };
		070632332CA69C00001F884B /* StartRunning.swift in Sources */ = {isa = PBXBuildFile; fileRef = 070632322CA69C00001F884B /* StartRunning.swift */; };
		070C941D2CA943B7007C92C6 /* LocationManager.swift in Sources */ = {isa = PBXBuildFile; fileRef = 070C941C2CA943B7007C92C6 /* LocationManager.swift */; };
		070C94202CA94647007C92C6 /* RunningSummaryView.swift in Sources */ = {isa = PBXBuildFile; fileRef = 070C941F2CA94647007C92C6 /* RunningSummaryView.swift */; };
		070C94212CA94647007C92C6 /* RunningView.swift in Sources */ = {isa = PBXBuildFile; fileRef = 070C941E2CA94647007C92C6 /* RunningView.swift */; };
		07123C952CB1070200DBFA63 /* RunningViewModel.swift in Sources */ = {isa = PBXBuildFile; fileRef = 07123C942CB1070100DBFA63 /* RunningViewModel.swift */; };
		07123C972CB107E200DBFA63 /* RunningService.swift in Sources */ = {isa = PBXBuildFile; fileRef = 07123C962CB107E200DBFA63 /* RunningService.swift */; };
		072A7E9A2CDE16EF005574A1 /* CharacterSelectionViewModel.swift in Sources */ = {isa = PBXBuildFile; fileRef = 072A7E992CDE16EF005574A1 /* CharacterSelectionViewModel.swift */; };
		07540AE22CD678E3001E4E9E /* MyPageView.swift in Sources */ = {isa = PBXBuildFile; fileRef = 07540AE12CD678E3001E4E9E /* MyPageView.swift */; };
		07540AE92CD78401001E4E9E /* MonthlyRunningGraphView.swift in Sources */ = {isa = PBXBuildFile; fileRef = 07540AE82CD78401001E4E9E /* MonthlyRunningGraphView.swift */; };
		07540AEB2CD790D4001E4E9E /* WeekRunData.swift in Sources */ = {isa = PBXBuildFile; fileRef = 07540AEA2CD790D4001E4E9E /* WeekRunData.swift */; };
		07540AED2CD790ED001E4E9E /* WeeklyRunningViewModel.swift in Sources */ = {isa = PBXBuildFile; fileRef = 07540AEC2CD790ED001E4E9E /* WeeklyRunningViewModel.swift */; };
		07540AF22CD792DD001E4E9E /* StatisticRow.swift in Sources */ = {isa = PBXBuildFile; fileRef = 07540AF12CD792DD001E4E9E /* StatisticRow.swift */; };
		07540AF42CD79378001E4E9E /* WeeklyRunningGraphView.swift in Sources */ = {isa = PBXBuildFile; fileRef = 07540AF32CD79378001E4E9E /* WeeklyRunningGraphView.swift */; };
		07540AF82CD7A493001E4E9E /* MonthRunData.swift in Sources */ = {isa = PBXBuildFile; fileRef = 07540AF72CD7A493001E4E9E /* MonthRunData.swift */; };
		07540AFA2CD7A4C8001E4E9E /* MonthlyRunningViewModel.swift in Sources */ = {isa = PBXBuildFile; fileRef = 07540AF92CD7A4C8001E4E9E /* MonthlyRunningViewModel.swift */; };
		07540AFC2CD7C2EC001E4E9E /* RunningStatsContainerView.swift in Sources */ = {isa = PBXBuildFile; fileRef = 07540AFB2CD7C2EC001E4E9E /* RunningStatsContainerView.swift */; };
		07540AFE2CD88903001E4E9E /* UserRecord.swift in Sources */ = {isa = PBXBuildFile; fileRef = 07540AFD2CD88903001E4E9E /* UserRecord.swift */; };
		07540B002CD8896F001E4E9E /* MainService.swift in Sources */ = {isa = PBXBuildFile; fileRef = 07540AFF2CD8896F001E4E9E /* MainService.swift */; };
		07540B042CD88B76001E4E9E /* MyPageViewModel.swift in Sources */ = {isa = PBXBuildFile; fileRef = 07540B032CD88B76001E4E9E /* MyPageViewModel.swift */; };
		07540B062CD8B520001E4E9E /* FriendsListView.swift in Sources */ = {isa = PBXBuildFile; fileRef = 07540B052CD8B520001E4E9E /* FriendsListView.swift */; };
		07540B082CD90DD2001E4E9E /* FriendEmptyView.swift in Sources */ = {isa = PBXBuildFile; fileRef = 07540B072CD90DD2001E4E9E /* FriendEmptyView.swift */; };
		07551A452CA1348B00EAF936 /* DungGeunMo.otf in Resources */ = {isa = PBXBuildFile; fileRef = 07551A392CA1348B00EAF936 /* DungGeunMo.otf */; };
		07551A462CA1348B00EAF936 /* Assets.xcassets in Resources */ = {isa = PBXBuildFile; fileRef = 07551A3D2CA1348B00EAF936 /* Assets.xcassets */; };
		07551A482CA1348B00EAF936 /* TextFieldModifier.swift in Sources */ = {isa = PBXBuildFile; fileRef = 07551A362CA1348B00EAF936 /* TextFieldModifier.swift */; };
		07551A492CA1348B00EAF936 /* ContentView.swift in Sources */ = {isa = PBXBuildFile; fileRef = 07551A3E2CA1348B00EAF936 /* ContentView.swift */; };
		07551A4A2CA1348B00EAF936 /* Persistence.swift in Sources */ = {isa = PBXBuildFile; fileRef = 07551A402CA1348B00EAF936 /* Persistence.swift */; };
		07551A4B2CA1348B00EAF936 /* TamagoRun_Front.xcdatamodeld in Sources */ = {isa = PBXBuildFile; fileRef = 07551A412CA1348B00EAF936 /* TamagoRun_Front.xcdatamodeld */; };
		07551A4C2CA1348B00EAF936 /* TamagoRun_FrontApp.swift in Sources */ = {isa = PBXBuildFile; fileRef = 07551A422CA1348B00EAF936 /* TamagoRun_FrontApp.swift */; };
		07551A542CA13AD200EAF936 /* LoginView.swift in Sources */ = {isa = PBXBuildFile; fileRef = 07551A4F2CA13AD200EAF936 /* LoginView.swift */; };
		07551A552CA13AD200EAF936 /* StartView.swift in Sources */ = {isa = PBXBuildFile; fileRef = 07551A4D2CA13AD200EAF936 /* StartView.swift */; };
		07551A562CA13AD200EAF936 /* forgotPasswordView.swift in Sources */ = {isa = PBXBuildFile; fileRef = 07551A512CA13AD200EAF936 /* forgotPasswordView.swift */; };
		07551A572CA13AD200EAF936 /* EmailView.swift in Sources */ = {isa = PBXBuildFile; fileRef = 07551A502CA13AD200EAF936 /* EmailView.swift */; };
		07551A582CA13AD200EAF936 /* SignUpView.swift in Sources */ = {isa = PBXBuildFile; fileRef = 07551A4E2CA13AD200EAF936 /* SignUpView.swift */; };
		07551A592CA13AD200EAF936 /* ResetPasswordView.swift in Sources */ = {isa = PBXBuildFile; fileRef = 07551A522CA13AD200EAF936 /* ResetPasswordView.swift */; };
		07551A5B2CA13AE900EAF936 /* UserService.swift in Sources */ = {isa = PBXBuildFile; fileRef = 07551A5A2CA13AE900EAF936 /* UserService.swift */; };
		07551A5E2CA13B2400EAF936 /* SignUpViewModel.swift in Sources */ = {isa = PBXBuildFile; fileRef = 07551A5C2CA13B2400EAF936 /* SignUpViewModel.swift */; };
		07551A5F2CA13B2400EAF936 /* LoginViewModel.swift in Sources */ = {isa = PBXBuildFile; fileRef = 07551A5D2CA13B2400EAF936 /* LoginViewModel.swift */; };
		07551A622CA14B3C00EAF936 /* MainView.swift in Sources */ = {isa = PBXBuildFile; fileRef = 07551A612CA14B3C00EAF936 /* MainView.swift */; };
		07551A642CA14E2F00EAF936 /* KeychainHelper.swift in Sources */ = {isa = PBXBuildFile; fileRef = 07551A632CA14E2F00EAF936 /* KeychainHelper.swift */; };
		077ADFD82CA935FA00003481 /* RunningData.swift in Sources */ = {isa = PBXBuildFile; fileRef = 077ADFD72CA935FA00003481 /* RunningData.swift */; };
		079491322CDB7A63006FBB14 /* DailyMissionResponse.swift in Sources */ = {isa = PBXBuildFile; fileRef = 079491312CDB7A63006FBB14 /* DailyMissionResponse.swift */; };
		079491342CDB7AB7006FBB14 /* Mission.swift in Sources */ = {isa = PBXBuildFile; fileRef = 079491332CDB7AB7006FBB14 /* Mission.swift */; };
		079491372CDB7BCD006FBB14 /* DailyMissionListView.swift in Sources */ = {isa = PBXBuildFile; fileRef = 079491362CDB7BCD006FBB14 /* DailyMissionListView.swift */; };
		079491392CDB7BF3006FBB14 /* DailyMissionCell.swift in Sources */ = {isa = PBXBuildFile; fileRef = 079491382CDB7BF3006FBB14 /* DailyMissionCell.swift */; };
		0794913B2CDB7C24006FBB14 /* MissionViewModel.swift in Sources */ = {isa = PBXBuildFile; fileRef = 0794913A2CDB7C24006FBB14 /* MissionViewModel.swift */; };
		0794913D2CDB7E45006FBB14 /* MissionTab.swift in Sources */ = {isa = PBXBuildFile; fileRef = 0794913C2CDB7E45006FBB14 /* MissionTab.swift */; };
		07C5FB7D2CA2A40400BC0079 /* HealthPermissionView.swift in Sources */ = {isa = PBXBuildFile; fileRef = 07C5FB7C2CA2A40400BC0079 /* HealthPermissionView.swift */; };
		07C5FB7F2CA2BAAE00BC0079 /* HealthKitManager.swift in Sources */ = {isa = PBXBuildFile; fileRef = 07C5FB7E2CA2BAAE00BC0079 /* HealthKitManager.swift */; };
		07C5FB932CA39EF000BC0079 /* SideMenuView.swift in Sources */ = {isa = PBXBuildFile; fileRef = 07C5FB922CA39EF000BC0079 /* SideMenuView.swift */; };
		07D3B1C22CBF77690084886C /* MissionCell.swift in Sources */ = {isa = PBXBuildFile; fileRef = 07D3B1C02CBF77690084886C /* MissionCell.swift */; };
		07D3B1C32CBF77690084886C /* PlusMenuView.swift in Sources */ = {isa = PBXBuildFile; fileRef = 07D3B1BE2CBF77690084886C /* PlusMenuView.swift */; };
		07D3B1C42CBF77690084886C /* MissionListView.swift in Sources */ = {isa = PBXBuildFile; fileRef = 07D3B1C12CBF77690084886C /* MissionListView.swift */; };
		07D3B1C52CBF77690084886C /* MissionView.swift in Sources */ = {isa = PBXBuildFile; fileRef = 07D3B1BF2CBF77690084886C /* MissionView.swift */; };
		07D3B1C72CBF77910084886C /* CalenderView.swift in Sources */ = {isa = PBXBuildFile; fileRef = 07D3B1C62CBF77910084886C /* CalenderView.swift */; };
		07D4545C2CAA96BE009FD782 /* CharacterImages.swift in Sources */ = {isa = PBXBuildFile; fileRef = 07D4545B2CAA96BE009FD782 /* CharacterImages.swift */; };
		07D4545E2CAA9C5A009FD782 /* CharacterViewModel.swift in Sources */ = {isa = PBXBuildFile; fileRef = 07D4545D2CAA9C5A009FD782 /* CharacterViewModel.swift */; };
		07D454622CABE65B009FD782 /* MainPageDto.swift in Sources */ = {isa = PBXBuildFile; fileRef = 07D454612CABE65B009FD782 /* MainPageDto.swift */; };
		07D800612CDA108E00002882 /* FriendAddView.swift in Sources */ = {isa = PBXBuildFile; fileRef = 07D800602CDA108E00002882 /* FriendAddView.swift */; };
		07F1183B2CDC3BE400A43B81 /* WeeklyMissionResponse.swift in Sources */ = {isa = PBXBuildFile; fileRef = 07F1183A2CDC3BE400A43B81 /* WeeklyMissionResponse.swift */; };
		07F1183F2CDC3D6B00A43B81 /* WeeklyMissionListView.swift in Sources */ = {isa = PBXBuildFile; fileRef = 07F1183E2CDC3D6B00A43B81 /* WeeklyMissionListView.swift */; };
		07F118412CDC3D8B00A43B81 /* WeeklyMissionCell.swift in Sources */ = {isa = PBXBuildFile; fileRef = 07F118402CDC3D8B00A43B81 /* WeeklyMissionCell.swift */; };
		07F118432CDC59D800A43B81 /* AchievementResponse.swift in Sources */ = {isa = PBXBuildFile; fileRef = 07F118422CDC59D800A43B81 /* AchievementResponse.swift */; };
		07F118452CDC5F4300A43B81 /* CharacterSelectView.swift in Sources */ = {isa = PBXBuildFile; fileRef = 07F118442CDC5F4300A43B81 /* CharacterSelectView.swift */; };
		07F1A5F82CA596F00001BF50 /* AppDelegate.swift in Sources */ = {isa = PBXBuildFile; fileRef = 07F1A5F72CA596F00001BF50 /* AppDelegate.swift */; };
		07F1A5FA2CA5983C0001BF50 /* MapView.swift in Sources */ = {isa = PBXBuildFile; fileRef = 07F1A5F92CA5983C0001BF50 /* MapView.swift */; };
		FFAEF1E3F6820C9A34E6B8F7 /* Pods_TamagoRun_Front.framework in Frameworks */ = {isa = PBXBuildFile; fileRef = 79523B75E368641D95CD30E1 /* Pods_TamagoRun_Front.framework */; };
/* End PBXBuildFile section */

/* Begin PBXContainerItemProxy section */
		0780576B2C9EBE4500110D93 /* PBXContainerItemProxy */ = {
			isa = PBXContainerItemProxy;
			containerPortal = 0780574D2C9EBE4200110D93 /* Project object */;
			proxyType = 1;
			remoteGlobalIDString = 078057542C9EBE4200110D93;
			remoteInfo = "TamagoRun-Front";
		};
		078057752C9EBE4500110D93 /* PBXContainerItemProxy */ = {
			isa = PBXContainerItemProxy;
			containerPortal = 0780574D2C9EBE4200110D93 /* Project object */;
			proxyType = 1;
			remoteGlobalIDString = 078057542C9EBE4200110D93;
			remoteInfo = "TamagoRun-Front";
		};
/* End PBXContainerItemProxy section */

/* Begin PBXFileReference section */
		070632302CA68FA7001F884B /* config.plist */ = {isa = PBXFileReference; lastKnownFileType = text.plist.xml; path = config.plist; sourceTree = "<group>"; };
		070632322CA69C00001F884B /* StartRunning.swift */ = {isa = PBXFileReference; lastKnownFileType = sourcecode.swift; path = StartRunning.swift; sourceTree = "<group>"; };
		070C941A2CA93F10007C92C6 /* Info.plist */ = {isa = PBXFileReference; lastKnownFileType = text.plist.xml; path = Info.plist; sourceTree = "<group>"; };
		070C941C2CA943B7007C92C6 /* LocationManager.swift */ = {isa = PBXFileReference; lastKnownFileType = sourcecode.swift; path = LocationManager.swift; sourceTree = "<group>"; };
		070C941E2CA94647007C92C6 /* RunningView.swift */ = {isa = PBXFileReference; lastKnownFileType = sourcecode.swift; path = RunningView.swift; sourceTree = "<group>"; };
		070C941F2CA94647007C92C6 /* RunningSummaryView.swift */ = {isa = PBXFileReference; lastKnownFileType = sourcecode.swift; path = RunningSummaryView.swift; sourceTree = "<group>"; };
		07123C942CB1070100DBFA63 /* RunningViewModel.swift */ = {isa = PBXFileReference; lastKnownFileType = sourcecode.swift; path = RunningViewModel.swift; sourceTree = "<group>"; };
		07123C962CB107E200DBFA63 /* RunningService.swift */ = {isa = PBXFileReference; lastKnownFileType = sourcecode.swift; path = RunningService.swift; sourceTree = "<group>"; };
		072A7E992CDE16EF005574A1 /* CharacterSelectionViewModel.swift */ = {isa = PBXFileReference; lastKnownFileType = sourcecode.swift; path = CharacterSelectionViewModel.swift; sourceTree = "<group>"; };
		07540AE12CD678E3001E4E9E /* MyPageView.swift */ = {isa = PBXFileReference; lastKnownFileType = sourcecode.swift; path = MyPageView.swift; sourceTree = "<group>"; };
		07540AE82CD78401001E4E9E /* MonthlyRunningGraphView.swift */ = {isa = PBXFileReference; lastKnownFileType = sourcecode.swift; path = MonthlyRunningGraphView.swift; sourceTree = "<group>"; };
		07540AEA2CD790D4001E4E9E /* WeekRunData.swift */ = {isa = PBXFileReference; lastKnownFileType = sourcecode.swift; path = WeekRunData.swift; sourceTree = "<group>"; };
		07540AEC2CD790ED001E4E9E /* WeeklyRunningViewModel.swift */ = {isa = PBXFileReference; lastKnownFileType = sourcecode.swift; path = WeeklyRunningViewModel.swift; sourceTree = "<group>"; };
		07540AF12CD792DD001E4E9E /* StatisticRow.swift */ = {isa = PBXFileReference; lastKnownFileType = sourcecode.swift; path = StatisticRow.swift; sourceTree = "<group>"; };
		07540AF32CD79378001E4E9E /* WeeklyRunningGraphView.swift */ = {isa = PBXFileReference; lastKnownFileType = sourcecode.swift; path = WeeklyRunningGraphView.swift; sourceTree = "<group>"; };
		07540AF72CD7A493001E4E9E /* MonthRunData.swift */ = {isa = PBXFileReference; lastKnownFileType = sourcecode.swift; path = MonthRunData.swift; sourceTree = "<group>"; };
		07540AF92CD7A4C8001E4E9E /* MonthlyRunningViewModel.swift */ = {isa = PBXFileReference; lastKnownFileType = sourcecode.swift; path = MonthlyRunningViewModel.swift; sourceTree = "<group>"; };
		07540AFB2CD7C2EC001E4E9E /* RunningStatsContainerView.swift */ = {isa = PBXFileReference; lastKnownFileType = sourcecode.swift; path = RunningStatsContainerView.swift; sourceTree = "<group>"; };
		07540AFD2CD88903001E4E9E /* UserRecord.swift */ = {isa = PBXFileReference; lastKnownFileType = sourcecode.swift; path = UserRecord.swift; sourceTree = "<group>"; };
		07540AFF2CD8896F001E4E9E /* MainService.swift */ = {isa = PBXFileReference; lastKnownFileType = sourcecode.swift; path = MainService.swift; sourceTree = "<group>"; };
		07540B032CD88B76001E4E9E /* MyPageViewModel.swift */ = {isa = PBXFileReference; lastKnownFileType = sourcecode.swift; path = MyPageViewModel.swift; sourceTree = "<group>"; };
		07540B052CD8B520001E4E9E /* FriendsListView.swift */ = {isa = PBXFileReference; lastKnownFileType = sourcecode.swift; path = FriendsListView.swift; sourceTree = "<group>"; };
		07540B072CD90DD2001E4E9E /* FriendEmptyView.swift */ = {isa = PBXFileReference; lastKnownFileType = sourcecode.swift; path = FriendEmptyView.swift; sourceTree = "<group>"; };
		07551A362CA1348B00EAF936 /* TextFieldModifier.swift */ = {isa = PBXFileReference; lastKnownFileType = sourcecode.swift; path = TextFieldModifier.swift; sourceTree = "<group>"; };
		07551A392CA1348B00EAF936 /* DungGeunMo.otf */ = {isa = PBXFileReference; lastKnownFileType = file; path = DungGeunMo.otf; sourceTree = "<group>"; };
		07551A3D2CA1348B00EAF936 /* Assets.xcassets */ = {isa = PBXFileReference; lastKnownFileType = folder.assetcatalog; path = Assets.xcassets; sourceTree = "<group>"; };
		07551A3E2CA1348B00EAF936 /* ContentView.swift */ = {isa = PBXFileReference; lastKnownFileType = sourcecode.swift; path = ContentView.swift; sourceTree = "<group>"; };
		07551A402CA1348B00EAF936 /* Persistence.swift */ = {isa = PBXFileReference; lastKnownFileType = sourcecode.swift; path = Persistence.swift; sourceTree = "<group>"; };
		07551A422CA1348B00EAF936 /* TamagoRun_FrontApp.swift */ = {isa = PBXFileReference; lastKnownFileType = sourcecode.swift; path = TamagoRun_FrontApp.swift; sourceTree = "<group>"; };
		07551A442CA1348B00EAF936 /* TamagoRun_Front.xcdatamodel */ = {isa = PBXFileReference; lastKnownFileType = wrapper.xcdatamodel; path = TamagoRun_Front.xcdatamodel; sourceTree = "<group>"; };
		07551A4D2CA13AD200EAF936 /* StartView.swift */ = {isa = PBXFileReference; lastKnownFileType = sourcecode.swift; path = StartView.swift; sourceTree = "<group>"; };
		07551A4E2CA13AD200EAF936 /* SignUpView.swift */ = {isa = PBXFileReference; lastKnownFileType = sourcecode.swift; path = SignUpView.swift; sourceTree = "<group>"; };
		07551A4F2CA13AD200EAF936 /* LoginView.swift */ = {isa = PBXFileReference; lastKnownFileType = sourcecode.swift; path = LoginView.swift; sourceTree = "<group>"; };
		07551A502CA13AD200EAF936 /* EmailView.swift */ = {isa = PBXFileReference; lastKnownFileType = sourcecode.swift; path = EmailView.swift; sourceTree = "<group>"; };
		07551A512CA13AD200EAF936 /* forgotPasswordView.swift */ = {isa = PBXFileReference; lastKnownFileType = sourcecode.swift; path = forgotPasswordView.swift; sourceTree = "<group>"; };
		07551A522CA13AD200EAF936 /* ResetPasswordView.swift */ = {isa = PBXFileReference; lastKnownFileType = sourcecode.swift; path = ResetPasswordView.swift; sourceTree = "<group>"; };
		07551A5A2CA13AE900EAF936 /* UserService.swift */ = {isa = PBXFileReference; lastKnownFileType = sourcecode.swift; path = UserService.swift; sourceTree = "<group>"; };
		07551A5C2CA13B2400EAF936 /* SignUpViewModel.swift */ = {isa = PBXFileReference; lastKnownFileType = sourcecode.swift; path = SignUpViewModel.swift; sourceTree = "<group>"; };
		07551A5D2CA13B2400EAF936 /* LoginViewModel.swift */ = {isa = PBXFileReference; lastKnownFileType = sourcecode.swift; path = LoginViewModel.swift; sourceTree = "<group>"; };
		07551A612CA14B3C00EAF936 /* MainView.swift */ = {isa = PBXFileReference; lastKnownFileType = sourcecode.swift; path = MainView.swift; sourceTree = "<group>"; };
		07551A632CA14E2F00EAF936 /* KeychainHelper.swift */ = {isa = PBXFileReference; lastKnownFileType = sourcecode.swift; path = KeychainHelper.swift; sourceTree = "<group>"; };
		077ADFD72CA935FA00003481 /* RunningData.swift */ = {isa = PBXFileReference; lastKnownFileType = sourcecode.swift; path = RunningData.swift; sourceTree = "<group>"; };
		078057552C9EBE4200110D93 /* TamagoRun-Front.app */ = {isa = PBXFileReference; explicitFileType = wrapper.application; includeInIndex = 0; path = "TamagoRun-Front.app"; sourceTree = BUILT_PRODUCTS_DIR; };
		0780576A2C9EBE4500110D93 /* TamagoRun-FrontTests.xctest */ = {isa = PBXFileReference; explicitFileType = wrapper.cfbundle; includeInIndex = 0; path = "TamagoRun-FrontTests.xctest"; sourceTree = BUILT_PRODUCTS_DIR; };
		078057742C9EBE4500110D93 /* TamagoRun-FrontUITests.xctest */ = {isa = PBXFileReference; explicitFileType = wrapper.cfbundle; includeInIndex = 0; path = "TamagoRun-FrontUITests.xctest"; sourceTree = BUILT_PRODUCTS_DIR; };
		079491312CDB7A63006FBB14 /* DailyMissionResponse.swift */ = {isa = PBXFileReference; lastKnownFileType = sourcecode.swift; path = DailyMissionResponse.swift; sourceTree = "<group>"; };
		079491332CDB7AB7006FBB14 /* Mission.swift */ = {isa = PBXFileReference; lastKnownFileType = sourcecode.swift; path = Mission.swift; sourceTree = "<group>"; };
		079491362CDB7BCD006FBB14 /* DailyMissionListView.swift */ = {isa = PBXFileReference; lastKnownFileType = sourcecode.swift; path = DailyMissionListView.swift; sourceTree = "<group>"; };
		079491382CDB7BF3006FBB14 /* DailyMissionCell.swift */ = {isa = PBXFileReference; lastKnownFileType = sourcecode.swift; path = DailyMissionCell.swift; sourceTree = "<group>"; };
		0794913A2CDB7C24006FBB14 /* MissionViewModel.swift */ = {isa = PBXFileReference; lastKnownFileType = sourcecode.swift; path = MissionViewModel.swift; sourceTree = "<group>"; };
		0794913C2CDB7E45006FBB14 /* MissionTab.swift */ = {isa = PBXFileReference; lastKnownFileType = sourcecode.swift; path = MissionTab.swift; sourceTree = "<group>"; };
		07C5FB7A2CA2A29600BC0079 /* TamagoRun-Front.entitlements */ = {isa = PBXFileReference; lastKnownFileType = text.plist.entitlements; path = "TamagoRun-Front.entitlements"; sourceTree = "<group>"; };
		07C5FB7C2CA2A40400BC0079 /* HealthPermissionView.swift */ = {isa = PBXFileReference; lastKnownFileType = sourcecode.swift; path = HealthPermissionView.swift; sourceTree = "<group>"; };
		07C5FB7E2CA2BAAE00BC0079 /* HealthKitManager.swift */ = {isa = PBXFileReference; lastKnownFileType = sourcecode.swift; path = HealthKitManager.swift; sourceTree = "<group>"; };
		07C5FB922CA39EF000BC0079 /* SideMenuView.swift */ = {isa = PBXFileReference; lastKnownFileType = sourcecode.swift; path = SideMenuView.swift; sourceTree = "<group>"; };
		07D3B1BE2CBF77690084886C /* PlusMenuView.swift */ = {isa = PBXFileReference; lastKnownFileType = sourcecode.swift; path = PlusMenuView.swift; sourceTree = "<group>"; };
		07D3B1BF2CBF77690084886C /* MissionView.swift */ = {isa = PBXFileReference; lastKnownFileType = sourcecode.swift; path = MissionView.swift; sourceTree = "<group>"; };
		07D3B1C02CBF77690084886C /* MissionCell.swift */ = {isa = PBXFileReference; lastKnownFileType = sourcecode.swift; path = MissionCell.swift; sourceTree = "<group>"; };
		07D3B1C12CBF77690084886C /* MissionListView.swift */ = {isa = PBXFileReference; lastKnownFileType = sourcecode.swift; path = MissionListView.swift; sourceTree = "<group>"; };
		07D3B1C62CBF77910084886C /* CalenderView.swift */ = {isa = PBXFileReference; lastKnownFileType = sourcecode.swift; path = CalenderView.swift; sourceTree = "<group>"; };
		07D4545B2CAA96BE009FD782 /* CharacterImages.swift */ = {isa = PBXFileReference; lastKnownFileType = sourcecode.swift; path = CharacterImages.swift; sourceTree = "<group>"; };
		07D4545D2CAA9C5A009FD782 /* CharacterViewModel.swift */ = {isa = PBXFileReference; lastKnownFileType = sourcecode.swift; path = CharacterViewModel.swift; sourceTree = "<group>"; };
		07D454612CABE65B009FD782 /* MainPageDto.swift */ = {isa = PBXFileReference; lastKnownFileType = sourcecode.swift; path = MainPageDto.swift; sourceTree = "<group>"; };
		07D800602CDA108E00002882 /* FriendAddView.swift */ = {isa = PBXFileReference; lastKnownFileType = sourcecode.swift; path = FriendAddView.swift; sourceTree = "<group>"; };
		07F1183A2CDC3BE400A43B81 /* WeeklyMissionResponse.swift */ = {isa = PBXFileReference; lastKnownFileType = sourcecode.swift; path = WeeklyMissionResponse.swift; sourceTree = "<group>"; };
		07F1183E2CDC3D6B00A43B81 /* WeeklyMissionListView.swift */ = {isa = PBXFileReference; lastKnownFileType = sourcecode.swift; path = WeeklyMissionListView.swift; sourceTree = "<group>"; };
		07F118402CDC3D8B00A43B81 /* WeeklyMissionCell.swift */ = {isa = PBXFileReference; lastKnownFileType = sourcecode.swift; path = WeeklyMissionCell.swift; sourceTree = "<group>"; };
		07F118422CDC59D800A43B81 /* AchievementResponse.swift */ = {isa = PBXFileReference; lastKnownFileType = sourcecode.swift; name = AchievementResponse.swift; path = /Users/hwangs/Downloads/AchievementResponse.swift; sourceTree = "<absolute>"; };
		07F118442CDC5F4300A43B81 /* CharacterSelectView.swift */ = {isa = PBXFileReference; lastKnownFileType = sourcecode.swift; path = CharacterSelectView.swift; sourceTree = "<group>"; };
		07F1A5F72CA596F00001BF50 /* AppDelegate.swift */ = {isa = PBXFileReference; lastKnownFileType = sourcecode.swift; path = AppDelegate.swift; sourceTree = "<group>"; };
		07F1A5F92CA5983C0001BF50 /* MapView.swift */ = {isa = PBXFileReference; lastKnownFileType = sourcecode.swift; path = MapView.swift; sourceTree = "<group>"; };
		65A409A71AF44F31D06C6703 /* Pods-TamagoRun-Front.debug.xcconfig */ = {isa = PBXFileReference; includeInIndex = 1; lastKnownFileType = text.xcconfig; name = "Pods-TamagoRun-Front.debug.xcconfig"; path = "Target Support Files/Pods-TamagoRun-Front/Pods-TamagoRun-Front.debug.xcconfig"; sourceTree = "<group>"; };
		79523B75E368641D95CD30E1 /* Pods_TamagoRun_Front.framework */ = {isa = PBXFileReference; explicitFileType = wrapper.framework; includeInIndex = 0; path = Pods_TamagoRun_Front.framework; sourceTree = BUILT_PRODUCTS_DIR; };
		EC25744311EDC9B6670B10AC /* Pods-TamagoRun-Front.release.xcconfig */ = {isa = PBXFileReference; includeInIndex = 1; lastKnownFileType = text.xcconfig; name = "Pods-TamagoRun-Front.release.xcconfig"; path = "Target Support Files/Pods-TamagoRun-Front/Pods-TamagoRun-Front.release.xcconfig"; sourceTree = "<group>"; };
/* End PBXFileReference section */

/* Begin PBXFrameworksBuildPhase section */
		078057522C9EBE4200110D93 /* Frameworks */ = {
			isa = PBXFrameworksBuildPhase;
			buildActionMask = 2147483647;
			files = (
				FFAEF1E3F6820C9A34E6B8F7 /* Pods_TamagoRun_Front.framework in Frameworks */,
			);
			runOnlyForDeploymentPostprocessing = 0;
		};
		078057672C9EBE4500110D93 /* Frameworks */ = {
			isa = PBXFrameworksBuildPhase;
			buildActionMask = 2147483647;
			files = (
			);
			runOnlyForDeploymentPostprocessing = 0;
		};
		078057712C9EBE4500110D93 /* Frameworks */ = {
			isa = PBXFrameworksBuildPhase;
			buildActionMask = 2147483647;
			files = (
			);
			runOnlyForDeploymentPostprocessing = 0;
		};
/* End PBXFrameworksBuildPhase section */

/* Begin PBXGroup section */
		07123C922CAFF03600DBFA63 /* User */ = {
			isa = PBXGroup;
			children = (
				07D4545B2CAA96BE009FD782 /* CharacterImages.swift */,
				07551A632CA14E2F00EAF936 /* KeychainHelper.swift */,
				07540AFD2CD88903001E4E9E /* UserRecord.swift */,
			);
			path = User;
			sourceTree = "<group>";
		};
		07123C932CAFF04400DBFA63 /* Running */ = {
			isa = PBXGroup;
			children = (
				070C941C2CA943B7007C92C6 /* LocationManager.swift */,
				07C5FB7E2CA2BAAE00BC0079 /* HealthKitManager.swift */,
				07540AEA2CD790D4001E4E9E /* WeekRunData.swift */,
			);
			path = Running;
			sourceTree = "<group>";
		};
		0730A5092CB3A5BF0011809F /* APIService */ = {
			isa = PBXGroup;
			children = (
				07123C962CB107E200DBFA63 /* RunningService.swift */,
				07551A5A2CA13AE900EAF936 /* UserService.swift */,
				07540AFF2CD8896F001E4E9E /* MainService.swift */,
			);
			path = APIService;
			sourceTree = "<group>";
		};
		07540AE52CD69023001E4E9E /* User */ = {
			isa = PBXGroup;
			children = (
				07540AE12CD678E3001E4E9E /* MyPageView.swift */,
				07540B052CD8B520001E4E9E /* FriendsListView.swift */,
				07540B072CD90DD2001E4E9E /* FriendEmptyView.swift */,
				07D800602CDA108E00002882 /* FriendAddView.swift */,
				07F118442CDC5F4300A43B81 /* CharacterSelectView.swift */,
			);
			path = User;
			sourceTree = "<group>";
		};
		07540AEE2CD791DF001E4E9E /* statistics */ = {
			isa = PBXGroup;
			children = (
				077ADFD72CA935FA00003481 /* RunningData.swift */,
				07540AF72CD7A493001E4E9E /* MonthRunData.swift */,
			);
			path = statistics;
			sourceTree = "<group>";
		};
		07540AEF2CD791F1001E4E9E /* statisticsView */ = {
			isa = PBXGroup;
			children = (
				07540AE82CD78401001E4E9E /* MonthlyRunningGraphView.swift */,
				07540AF12CD792DD001E4E9E /* StatisticRow.swift */,
				07540AF32CD79378001E4E9E /* WeeklyRunningGraphView.swift */,
				07540AFB2CD7C2EC001E4E9E /* RunningStatsContainerView.swift */,
			);
			path = statisticsView;
			sourceTree = "<group>";
		};
		07540AF02CD79208001E4E9E /* statisticsViewModel */ = {
			isa = PBXGroup;
			children = (
				07540AEC2CD790ED001E4E9E /* WeeklyRunningViewModel.swift */,
				07540AF92CD7A4C8001E4E9E /* MonthlyRunningViewModel.swift */,
			);
			path = statisticsViewModel;
			sourceTree = "<group>";
		};
		07540B012CD88B3A001E4E9E /* User */ = {
			isa = PBXGroup;
			children = (
				07551A5C2CA13B2400EAF936 /* SignUpViewModel.swift */,
				07551A5D2CA13B2400EAF936 /* LoginViewModel.swift */,
				07D4545D2CAA9C5A009FD782 /* CharacterViewModel.swift */,
				072A7E992CDE16EF005574A1 /* CharacterSelectionViewModel.swift */,
			);
			path = User;
			sourceTree = "<group>";
		};
		07540B022CD88B4A001E4E9E /* Main */ = {
			isa = PBXGroup;
			children = (
				07540B032CD88B76001E4E9E /* MyPageViewModel.swift */,
				0794913A2CDB7C24006FBB14 /* MissionViewModel.swift */,
			);
			path = Main;
			sourceTree = "<group>";
		};
		07551A372CA1348B00EAF936 /* CssCustom */ = {
			isa = PBXGroup;
			children = (
				07551A362CA1348B00EAF936 /* TextFieldModifier.swift */,
			);
			path = CssCustom;
			sourceTree = "<group>";
		};
		07551A382CA1348B00EAF936 /* Model */ = {
			isa = PBXGroup;
			children = (
				0794912F2CDB7A49006FBB14 /* Main */,
				07540AEE2CD791DF001E4E9E /* statistics */,
				0730A5092CB3A5BF0011809F /* APIService */,
				07123C932CAFF04400DBFA63 /* Running */,
				07123C922CAFF03600DBFA63 /* User */,
			);
			path = Model;
			sourceTree = "<group>";
		};
		07551A3A2CA1348B00EAF936 /* Resources */ = {
			isa = PBXGroup;
			children = (
				07551A392CA1348B00EAF936 /* DungGeunMo.otf */,
			);
			path = Resources;
			sourceTree = "<group>";
		};
		07551A3B2CA1348B00EAF936 /* View */ = {
			isa = PBXGroup;
			children = (
				07551A3E2CA1348B00EAF936 /* ContentView.swift */,
				07540AEF2CD791F1001E4E9E /* statisticsView */,
				07540AE52CD69023001E4E9E /* User */,
				077ADFCE2CA9355300003481 /* Running */,
				07C5FB7B2CA2A3DD00BC0079 /* Health */,
				07551A602CA14B3900EAF936 /* Main */,
				07551A532CA13AD200EAF936 /* login */,
			);
			path = View;
			sourceTree = "<group>";
		};
		07551A3C2CA1348B00EAF936 /* ViewModel */ = {
			isa = PBXGroup;
			children = (
				07540B022CD88B4A001E4E9E /* Main */,
				07540B012CD88B3A001E4E9E /* User */,
				07540AF02CD79208001E4E9E /* statisticsViewModel */,
				07123C942CB1070100DBFA63 /* RunningViewModel.swift */,
			);
			path = ViewModel;
			sourceTree = "<group>";
		};
		07551A432CA1348B00EAF936 /* TamagoRun-Front */ = {
			isa = PBXGroup;
			children = (
				07C5FB7A2CA2A29600BC0079 /* TamagoRun-Front.entitlements */,
				07F1A5F72CA596F00001BF50 /* AppDelegate.swift */,
				07551A402CA1348B00EAF936 /* Persistence.swift */,
				07551A382CA1348B00EAF936 /* Model */,
				07551A3C2CA1348B00EAF936 /* ViewModel */,
				07551A3B2CA1348B00EAF936 /* View */,
				07551A372CA1348B00EAF936 /* CssCustom */,
				07551A3A2CA1348B00EAF936 /* Resources */,
				07551A422CA1348B00EAF936 /* TamagoRun_FrontApp.swift */,
				070632302CA68FA7001F884B /* config.plist */,
				070C941A2CA93F10007C92C6 /* Info.plist */,
				07551A412CA1348B00EAF936 /* TamagoRun_Front.xcdatamodeld */,
				07551A3D2CA1348B00EAF936 /* Assets.xcassets */,
			);
			path = "TamagoRun-Front";
			sourceTree = "<group>";
		};
		07551A532CA13AD200EAF936 /* login */ = {
			isa = PBXGroup;
			children = (
				07551A4D2CA13AD200EAF936 /* StartView.swift */,
				07551A4E2CA13AD200EAF936 /* SignUpView.swift */,
				07551A4F2CA13AD200EAF936 /* LoginView.swift */,
				07551A502CA13AD200EAF936 /* EmailView.swift */,
				07551A512CA13AD200EAF936 /* forgotPasswordView.swift */,
				07551A522CA13AD200EAF936 /* ResetPasswordView.swift */,
			);
			path = login;
			sourceTree = "<group>";
		};
		07551A602CA14B3900EAF936 /* Main */ = {
			isa = PBXGroup;
			children = (
				07551A612CA14B3C00EAF936 /* MainView.swift */,
				07C5FB922CA39EF000BC0079 /* SideMenuView.swift */,
				07D3B1C62CBF77910084886C /* CalenderView.swift */,
				07D3B1BE2CBF77690084886C /* PlusMenuView.swift */,
				07D3B1BF2CBF77690084886C /* MissionView.swift */,
				07D3B1C02CBF77690084886C /* MissionCell.swift */,
				07D3B1C12CBF77690084886C /* MissionListView.swift */,
				079491362CDB7BCD006FBB14 /* DailyMissionListView.swift */,
				07F1183E2CDC3D6B00A43B81 /* WeeklyMissionListView.swift */,
				079491382CDB7BF3006FBB14 /* DailyMissionCell.swift */,
				07F118402CDC3D8B00A43B81 /* WeeklyMissionCell.swift */,
			);
			path = Main;
			sourceTree = "<group>";
		};
		077ADFCE2CA9355300003481 /* Running */ = {
			isa = PBXGroup;
			children = (
				070C941E2CA94647007C92C6 /* RunningView.swift */,
				070C941F2CA94647007C92C6 /* RunningSummaryView.swift */,
				070632322CA69C00001F884B /* StartRunning.swift */,
				07F1A5F92CA5983C0001BF50 /* MapView.swift */,
			);
			path = Running;
			sourceTree = "<group>";
		};
		0780574C2C9EBE4200110D93 = {
			isa = PBXGroup;
			children = (
				07551A432CA1348B00EAF936 /* TamagoRun-Front */,
				078057562C9EBE4200110D93 /* Products */,
				D919EFECCD662BBA1DB217A5 /* Pods */,
				E71E189BA68C1C256CB01734 /* Frameworks */,
			);
			sourceTree = "<group>";
		};
		078057562C9EBE4200110D93 /* Products */ = {
			isa = PBXGroup;
			children = (
				078057552C9EBE4200110D93 /* TamagoRun-Front.app */,
				0780576A2C9EBE4500110D93 /* TamagoRun-FrontTests.xctest */,
				078057742C9EBE4500110D93 /* TamagoRun-FrontUITests.xctest */,
			);
			name = Products;
			sourceTree = "<group>";
		};
		0794912F2CDB7A49006FBB14 /* Main */ = {
			isa = PBXGroup;
			children = (
				07D454612CABE65B009FD782 /* MainPageDto.swift */,
				079491312CDB7A63006FBB14 /* DailyMissionResponse.swift */,
				07F1183A2CDC3BE400A43B81 /* WeeklyMissionResponse.swift */,
				079491332CDB7AB7006FBB14 /* Mission.swift */,
				0794913C2CDB7E45006FBB14 /* MissionTab.swift */,
				07F118422CDC59D800A43B81 /* AchievementResponse.swift */,
			);
			path = Main;
			sourceTree = "<group>";
		};
		07C5FB7B2CA2A3DD00BC0079 /* Health */ = {
			isa = PBXGroup;
			children = (
				07C5FB7C2CA2A40400BC0079 /* HealthPermissionView.swift */,
			);
			path = Health;
			sourceTree = "<group>";
		};
		D919EFECCD662BBA1DB217A5 /* Pods */ = {
			isa = PBXGroup;
			children = (
				65A409A71AF44F31D06C6703 /* Pods-TamagoRun-Front.debug.xcconfig */,
				EC25744311EDC9B6670B10AC /* Pods-TamagoRun-Front.release.xcconfig */,
			);
			path = Pods;
			sourceTree = "<group>";
		};
		E71E189BA68C1C256CB01734 /* Frameworks */ = {
			isa = PBXGroup;
			children = (
				79523B75E368641D95CD30E1 /* Pods_TamagoRun_Front.framework */,
			);
			name = Frameworks;
			sourceTree = "<group>";
		};
/* End PBXGroup section */

/* Begin PBXNativeTarget section */
		078057542C9EBE4200110D93 /* TamagoRun-Front */ = {
			isa = PBXNativeTarget;
			buildConfigurationList = 0780577E2C9EBE4500110D93 /* Build configuration list for PBXNativeTarget "TamagoRun-Front" */;
			buildPhases = (
				5EB392CF4206DE743005B5A7 /* [CP] Check Pods Manifest.lock */,
				078057512C9EBE4200110D93 /* Sources */,
				078057522C9EBE4200110D93 /* Frameworks */,
				078057532C9EBE4200110D93 /* Resources */,
				19790FC0A6FBE5D95E43ED68 /* [CP] Embed Pods Frameworks */,
			);
			buildRules = (
			);
			dependencies = (
			);
			name = "TamagoRun-Front";
			productName = "TamagoRun-Front";
			productReference = 078057552C9EBE4200110D93 /* TamagoRun-Front.app */;
			productType = "com.apple.product-type.application";
		};
		078057692C9EBE4500110D93 /* TamagoRun-FrontTests */ = {
			isa = PBXNativeTarget;
			buildConfigurationList = 078057812C9EBE4500110D93 /* Build configuration list for PBXNativeTarget "TamagoRun-FrontTests" */;
			buildPhases = (
				078057662C9EBE4500110D93 /* Sources */,
				078057672C9EBE4500110D93 /* Frameworks */,
				078057682C9EBE4500110D93 /* Resources */,
			);
			buildRules = (
			);
			dependencies = (
				0780576C2C9EBE4500110D93 /* PBXTargetDependency */,
			);
			name = "TamagoRun-FrontTests";
			productName = "TamagoRun-FrontTests";
			productReference = 0780576A2C9EBE4500110D93 /* TamagoRun-FrontTests.xctest */;
			productType = "com.apple.product-type.bundle.unit-test";
		};
		078057732C9EBE4500110D93 /* TamagoRun-FrontUITests */ = {
			isa = PBXNativeTarget;
			buildConfigurationList = 078057842C9EBE4500110D93 /* Build configuration list for PBXNativeTarget "TamagoRun-FrontUITests" */;
			buildPhases = (
				078057702C9EBE4500110D93 /* Sources */,
				078057712C9EBE4500110D93 /* Frameworks */,
				078057722C9EBE4500110D93 /* Resources */,
			);
			buildRules = (
			);
			dependencies = (
				078057762C9EBE4500110D93 /* PBXTargetDependency */,
			);
			name = "TamagoRun-FrontUITests";
			productName = "TamagoRun-FrontUITests";
			productReference = 078057742C9EBE4500110D93 /* TamagoRun-FrontUITests.xctest */;
			productType = "com.apple.product-type.bundle.ui-testing";
		};
/* End PBXNativeTarget section */

/* Begin PBXProject section */
		0780574D2C9EBE4200110D93 /* Project object */ = {
			isa = PBXProject;
			attributes = {
				BuildIndependentTargetsInParallel = 1;
				LastSwiftUpdateCheck = 1600;
				LastUpgradeCheck = 1600;
				TargetAttributes = {
					078057542C9EBE4200110D93 = {
						CreatedOnToolsVersion = 16.0;
					};
					078057692C9EBE4500110D93 = {
						CreatedOnToolsVersion = 16.0;
						TestTargetID = 078057542C9EBE4200110D93;
					};
					078057732C9EBE4500110D93 = {
						CreatedOnToolsVersion = 16.0;
						TestTargetID = 078057542C9EBE4200110D93;
					};
				};
			};
			buildConfigurationList = 078057502C9EBE4200110D93 /* Build configuration list for PBXProject "TamagoRun-Front" */;
			compatibilityVersion = "Xcode 14.0";
			developmentRegion = en;
			hasScannedForEncodings = 0;
			knownRegions = (
				en,
				Base,
			);
			mainGroup = 0780574C2C9EBE4200110D93;
			productRefGroup = 078057562C9EBE4200110D93 /* Products */;
			projectDirPath = "";
			projectRoot = "";
			targets = (
				078057542C9EBE4200110D93 /* TamagoRun-Front */,
				078057692C9EBE4500110D93 /* TamagoRun-FrontTests */,
				078057732C9EBE4500110D93 /* TamagoRun-FrontUITests */,
			);
		};
/* End PBXProject section */

/* Begin PBXResourcesBuildPhase section */
		078057532C9EBE4200110D93 /* Resources */ = {
			isa = PBXResourcesBuildPhase;
			buildActionMask = 2147483647;
			files = (
				07551A452CA1348B00EAF936 /* DungGeunMo.otf in Resources */,
				07551A462CA1348B00EAF936 /* Assets.xcassets in Resources */,
				070632312CA68FA7001F884B /* config.plist in Resources */,
			);
			runOnlyForDeploymentPostprocessing = 0;
		};
		078057682C9EBE4500110D93 /* Resources */ = {
			isa = PBXResourcesBuildPhase;
			buildActionMask = 2147483647;
			files = (
			);
			runOnlyForDeploymentPostprocessing = 0;
		};
		078057722C9EBE4500110D93 /* Resources */ = {
			isa = PBXResourcesBuildPhase;
			buildActionMask = 2147483647;
			files = (
			);
			runOnlyForDeploymentPostprocessing = 0;
		};
/* End PBXResourcesBuildPhase section */

/* Begin PBXShellScriptBuildPhase section */
		19790FC0A6FBE5D95E43ED68 /* [CP] Embed Pods Frameworks */ = {
			isa = PBXShellScriptBuildPhase;
			buildActionMask = 2147483647;
			files = (
			);
			inputFileListPaths = (
				"${PODS_ROOT}/Target Support Files/Pods-TamagoRun-Front/Pods-TamagoRun-Front-frameworks-${CONFIGURATION}-input-files.xcfilelist",
			);
			name = "[CP] Embed Pods Frameworks";
			outputFileListPaths = (
				"${PODS_ROOT}/Target Support Files/Pods-TamagoRun-Front/Pods-TamagoRun-Front-frameworks-${CONFIGURATION}-output-files.xcfilelist",
			);
			runOnlyForDeploymentPostprocessing = 0;
			shellPath = /bin/sh;
			shellScript = "\"${PODS_ROOT}/Target Support Files/Pods-TamagoRun-Front/Pods-TamagoRun-Front-frameworks.sh\"\n";
			showEnvVarsInLog = 0;
		};
		5EB392CF4206DE743005B5A7 /* [CP] Check Pods Manifest.lock */ = {
			isa = PBXShellScriptBuildPhase;
			buildActionMask = 2147483647;
			files = (
			);
			inputFileListPaths = (
			);
			inputPaths = (
				"${PODS_PODFILE_DIR_PATH}/Podfile.lock",
				"${PODS_ROOT}/Manifest.lock",
			);
			name = "[CP] Check Pods Manifest.lock";
			outputFileListPaths = (
			);
			outputPaths = (
				"$(DERIVED_FILE_DIR)/Pods-TamagoRun-Front-checkManifestLockResult.txt",
			);
			runOnlyForDeploymentPostprocessing = 0;
			shellPath = /bin/sh;
			shellScript = "diff \"${PODS_PODFILE_DIR_PATH}/Podfile.lock\" \"${PODS_ROOT}/Manifest.lock\" > /dev/null\nif [ $? != 0 ] ; then\n    # print error to STDERR\n    echo \"error: The sandbox is not in sync with the Podfile.lock. Run 'pod install' or update your CocoaPods installation.\" >&2\n    exit 1\nfi\n# This output is used by Xcode 'outputs' to avoid re-running this script phase.\necho \"SUCCESS\" > \"${SCRIPT_OUTPUT_FILE_0}\"\n";
			showEnvVarsInLog = 0;
		};
/* End PBXShellScriptBuildPhase section */

/* Begin PBXSourcesBuildPhase section */
		078057512C9EBE4200110D93 /* Sources */ = {
			isa = PBXSourcesBuildPhase;
			buildActionMask = 2147483647;
			files = (
				07540AE22CD678E3001E4E9E /* MyPageView.swift in Sources */,
				07551A482CA1348B00EAF936 /* TextFieldModifier.swift in Sources */,
				07D3B1C22CBF77690084886C /* MissionCell.swift in Sources */,
				07540AF22CD792DD001E4E9E /* StatisticRow.swift in Sources */,
				07D3B1C72CBF77910084886C /* CalenderView.swift in Sources */,
				07D3B1C32CBF77690084886C /* PlusMenuView.swift in Sources */,
				07D3B1C42CBF77690084886C /* MissionListView.swift in Sources */,
				0794913D2CDB7E45006FBB14 /* MissionTab.swift in Sources */,
				07D3B1C52CBF77690084886C /* MissionView.swift in Sources */,
				07551A492CA1348B00EAF936 /* ContentView.swift in Sources */,
				07D800612CDA108E00002882 /* FriendAddView.swift in Sources */,
				07D4545C2CAA96BE009FD782 /* CharacterImages.swift in Sources */,
				07540B062CD8B520001E4E9E /* FriendsListView.swift in Sources */,
				07F1183F2CDC3D6B00A43B81 /* WeeklyMissionListView.swift in Sources */,
				07540AFC2CD7C2EC001E4E9E /* RunningStatsContainerView.swift in Sources */,
				07551A4A2CA1348B00EAF936 /* Persistence.swift in Sources */,
				07C5FB7D2CA2A40400BC0079 /* HealthPermissionView.swift in Sources */,
				07123C972CB107E200DBFA63 /* RunningService.swift in Sources */,
				07C5FB932CA39EF000BC0079 /* SideMenuView.swift in Sources */,
				07D454622CABE65B009FD782 /* MainPageDto.swift in Sources */,
				07F118452CDC5F4300A43B81 /* CharacterSelectView.swift in Sources */,
				07F1183B2CDC3BE400A43B81 /* WeeklyMissionResponse.swift in Sources */,
				07551A4B2CA1348B00EAF936 /* TamagoRun_Front.xcdatamodeld in Sources */,
				07551A4C2CA1348B00EAF936 /* TamagoRun_FrontApp.swift in Sources */,
				07540B002CD8896F001E4E9E /* MainService.swift in Sources */,
				07D4545E2CAA9C5A009FD782 /* CharacterViewModel.swift in Sources */,
				070C94202CA94647007C92C6 /* RunningSummaryView.swift in Sources */,
				07540B082CD90DD2001E4E9E /* FriendEmptyView.swift in Sources */,
				070C94212CA94647007C92C6 /* RunningView.swift in Sources */,
				07123C952CB1070200DBFA63 /* RunningViewModel.swift in Sources */,
				07551A542CA13AD200EAF936 /* LoginView.swift in Sources */,
				079491372CDB7BCD006FBB14 /* DailyMissionListView.swift in Sources */,
				07F1A5F82CA596F00001BF50 /* AppDelegate.swift in Sources */,
				07F118432CDC59D800A43B81 /* AchievementResponse.swift in Sources */,
				07551A552CA13AD200EAF936 /* StartView.swift in Sources */,
				079491322CDB7A63006FBB14 /* DailyMissionResponse.swift in Sources */,
				07540AED2CD790ED001E4E9E /* WeeklyRunningViewModel.swift in Sources */,
				07C5FB7F2CA2BAAE00BC0079 /* HealthKitManager.swift in Sources */,
				07551A562CA13AD200EAF936 /* forgotPasswordView.swift in Sources */,
				070632332CA69C00001F884B /* StartRunning.swift in Sources */,
				07540AFA2CD7A4C8001E4E9E /* MonthlyRunningViewModel.swift in Sources */,
				07551A5B2CA13AE900EAF936 /* UserService.swift in Sources */,
				07F1A5FA2CA5983C0001BF50 /* MapView.swift in Sources */,
				07540AF42CD79378001E4E9E /* WeeklyRunningGraphView.swift in Sources */,
				07F118412CDC3D8B00A43B81 /* WeeklyMissionCell.swift in Sources */,
				0794913B2CDB7C24006FBB14 /* MissionViewModel.swift in Sources */,
				072A7E9A2CDE16EF005574A1 /* CharacterSelectionViewModel.swift in Sources */,
				07551A572CA13AD200EAF936 /* EmailView.swift in Sources */,
				07551A5E2CA13B2400EAF936 /* SignUpViewModel.swift in Sources */,
				07540AF82CD7A493001E4E9E /* MonthRunData.swift in Sources */,
				07551A642CA14E2F00EAF936 /* KeychainHelper.swift in Sources */,
				07551A5F2CA13B2400EAF936 /* LoginViewModel.swift in Sources */,
				079491392CDB7BF3006FBB14 /* DailyMissionCell.swift in Sources */,
				077ADFD82CA935FA00003481 /* RunningData.swift in Sources */,
				070C941D2CA943B7007C92C6 /* LocationManager.swift in Sources */,
				07551A582CA13AD200EAF936 /* SignUpView.swift in Sources */,
				07540AE92CD78401001E4E9E /* MonthlyRunningGraphView.swift in Sources */,
				07551A622CA14B3C00EAF936 /* MainView.swift in Sources */,
				079491342CDB7AB7006FBB14 /* Mission.swift in Sources */,
				07540AFE2CD88903001E4E9E /* UserRecord.swift in Sources */,
				07551A592CA13AD200EAF936 /* ResetPasswordView.swift in Sources */,
				07540AEB2CD790D4001E4E9E /* WeekRunData.swift in Sources */,
				07540B042CD88B76001E4E9E /* MyPageViewModel.swift in Sources */,
			);
			runOnlyForDeploymentPostprocessing = 0;
		};
		078057662C9EBE4500110D93 /* Sources */ = {
			isa = PBXSourcesBuildPhase;
			buildActionMask = 2147483647;
			files = (
			);
			runOnlyForDeploymentPostprocessing = 0;
		};
		078057702C9EBE4500110D93 /* Sources */ = {
			isa = PBXSourcesBuildPhase;
			buildActionMask = 2147483647;
			files = (
			);
			runOnlyForDeploymentPostprocessing = 0;
		};
/* End PBXSourcesBuildPhase section */

/* Begin PBXTargetDependency section */
		0780576C2C9EBE4500110D93 /* PBXTargetDependency */ = {
			isa = PBXTargetDependency;
			target = 078057542C9EBE4200110D93 /* TamagoRun-Front */;
			targetProxy = 0780576B2C9EBE4500110D93 /* PBXContainerItemProxy */;
		};
		078057762C9EBE4500110D93 /* PBXTargetDependency */ = {
			isa = PBXTargetDependency;
			target = 078057542C9EBE4200110D93 /* TamagoRun-Front */;
			targetProxy = 078057752C9EBE4500110D93 /* PBXContainerItemProxy */;
		};
/* End PBXTargetDependency section */

/* Begin XCBuildConfiguration section */
		0780577C2C9EBE4500110D93 /* Debug */ = {
			isa = XCBuildConfiguration;
			buildSettings = {
				ALWAYS_SEARCH_USER_PATHS = NO;
				ASSETCATALOG_COMPILER_GENERATE_SWIFT_ASSET_SYMBOL_EXTENSIONS = YES;
				CLANG_ANALYZER_NONNULL = YES;
				CLANG_ANALYZER_NUMBER_OBJECT_CONVERSION = YES_AGGRESSIVE;
				CLANG_CXX_LANGUAGE_STANDARD = "gnu++20";
				CLANG_ENABLE_MODULES = YES;
				CLANG_ENABLE_OBJC_ARC = YES;
				CLANG_ENABLE_OBJC_WEAK = YES;
				CLANG_WARN_BLOCK_CAPTURE_AUTORELEASING = YES;
				CLANG_WARN_BOOL_CONVERSION = YES;
				CLANG_WARN_COMMA = YES;
				CLANG_WARN_CONSTANT_CONVERSION = YES;
				CLANG_WARN_DEPRECATED_OBJC_IMPLEMENTATIONS = YES;
				CLANG_WARN_DIRECT_OBJC_ISA_USAGE = YES_ERROR;
				CLANG_WARN_DOCUMENTATION_COMMENTS = YES;
				CLANG_WARN_EMPTY_BODY = YES;
				CLANG_WARN_ENUM_CONVERSION = YES;
				CLANG_WARN_INFINITE_RECURSION = YES;
				CLANG_WARN_INT_CONVERSION = YES;
				CLANG_WARN_NON_LITERAL_NULL_CONVERSION = YES;
				CLANG_WARN_OBJC_IMPLICIT_RETAIN_SELF = YES;
				CLANG_WARN_OBJC_LITERAL_CONVERSION = YES;
				CLANG_WARN_OBJC_ROOT_CLASS = YES_ERROR;
				CLANG_WARN_QUOTED_INCLUDE_IN_FRAMEWORK_HEADER = YES;
				CLANG_WARN_RANGE_LOOP_ANALYSIS = YES;
				CLANG_WARN_STRICT_PROTOTYPES = YES;
				CLANG_WARN_SUSPICIOUS_MOVE = YES;
				CLANG_WARN_UNGUARDED_AVAILABILITY = YES_AGGRESSIVE;
				CLANG_WARN_UNREACHABLE_CODE = YES;
				CLANG_WARN__DUPLICATE_METHOD_MATCH = YES;
				COPY_PHASE_STRIP = NO;
				DEBUG_INFORMATION_FORMAT = dwarf;
				ENABLE_STRICT_OBJC_MSGSEND = YES;
				ENABLE_TESTABILITY = YES;
				ENABLE_USER_SCRIPT_SANDBOXING = NO;
				GCC_C_LANGUAGE_STANDARD = gnu17;
				GCC_DYNAMIC_NO_PIC = NO;
				GCC_NO_COMMON_BLOCKS = YES;
				GCC_OPTIMIZATION_LEVEL = 0;
				GCC_PREPROCESSOR_DEFINITIONS = (
					"DEBUG=1",
					"$(inherited)",
				);
				GCC_WARN_64_TO_32_BIT_CONVERSION = YES;
				GCC_WARN_ABOUT_RETURN_TYPE = YES_ERROR;
				GCC_WARN_UNDECLARED_SELECTOR = YES;
				GCC_WARN_UNINITIALIZED_AUTOS = YES_AGGRESSIVE;
				GCC_WARN_UNUSED_FUNCTION = YES;
				GCC_WARN_UNUSED_VARIABLE = YES;
				INFOPLIST_FILE = "";
				IPHONEOS_DEPLOYMENT_TARGET = 18.0;
				LOCALIZATION_PREFERS_STRING_CATALOGS = YES;
				MTL_ENABLE_DEBUG_INFO = INCLUDE_SOURCE;
				MTL_FAST_MATH = YES;
				ONLY_ACTIVE_ARCH = YES;
				SDKROOT = iphoneos;
				SWIFT_ACTIVE_COMPILATION_CONDITIONS = "DEBUG $(inherited)";
				SWIFT_OPTIMIZATION_LEVEL = "-Onone";
			};
			name = Debug;
		};
		0780577D2C9EBE4500110D93 /* Release */ = {
			isa = XCBuildConfiguration;
			buildSettings = {
				ALWAYS_SEARCH_USER_PATHS = NO;
				ASSETCATALOG_COMPILER_GENERATE_SWIFT_ASSET_SYMBOL_EXTENSIONS = YES;
				CLANG_ANALYZER_NONNULL = YES;
				CLANG_ANALYZER_NUMBER_OBJECT_CONVERSION = YES_AGGRESSIVE;
				CLANG_CXX_LANGUAGE_STANDARD = "gnu++20";
				CLANG_ENABLE_MODULES = YES;
				CLANG_ENABLE_OBJC_ARC = YES;
				CLANG_ENABLE_OBJC_WEAK = YES;
				CLANG_WARN_BLOCK_CAPTURE_AUTORELEASING = YES;
				CLANG_WARN_BOOL_CONVERSION = YES;
				CLANG_WARN_COMMA = YES;
				CLANG_WARN_CONSTANT_CONVERSION = YES;
				CLANG_WARN_DEPRECATED_OBJC_IMPLEMENTATIONS = YES;
				CLANG_WARN_DIRECT_OBJC_ISA_USAGE = YES_ERROR;
				CLANG_WARN_DOCUMENTATION_COMMENTS = YES;
				CLANG_WARN_EMPTY_BODY = YES;
				CLANG_WARN_ENUM_CONVERSION = YES;
				CLANG_WARN_INFINITE_RECURSION = YES;
				CLANG_WARN_INT_CONVERSION = YES;
				CLANG_WARN_NON_LITERAL_NULL_CONVERSION = YES;
				CLANG_WARN_OBJC_IMPLICIT_RETAIN_SELF = YES;
				CLANG_WARN_OBJC_LITERAL_CONVERSION = YES;
				CLANG_WARN_OBJC_ROOT_CLASS = YES_ERROR;
				CLANG_WARN_QUOTED_INCLUDE_IN_FRAMEWORK_HEADER = YES;
				CLANG_WARN_RANGE_LOOP_ANALYSIS = YES;
				CLANG_WARN_STRICT_PROTOTYPES = YES;
				CLANG_WARN_SUSPICIOUS_MOVE = YES;
				CLANG_WARN_UNGUARDED_AVAILABILITY = YES_AGGRESSIVE;
				CLANG_WARN_UNREACHABLE_CODE = YES;
				CLANG_WARN__DUPLICATE_METHOD_MATCH = YES;
				COPY_PHASE_STRIP = NO;
				DEBUG_INFORMATION_FORMAT = "dwarf-with-dsym";
				ENABLE_NS_ASSERTIONS = NO;
				ENABLE_STRICT_OBJC_MSGSEND = YES;
				ENABLE_USER_SCRIPT_SANDBOXING = NO;
				GCC_C_LANGUAGE_STANDARD = gnu17;
				GCC_NO_COMMON_BLOCKS = YES;
				GCC_WARN_64_TO_32_BIT_CONVERSION = YES;
				GCC_WARN_ABOUT_RETURN_TYPE = YES_ERROR;
				GCC_WARN_UNDECLARED_SELECTOR = YES;
				GCC_WARN_UNINITIALIZED_AUTOS = YES_AGGRESSIVE;
				GCC_WARN_UNUSED_FUNCTION = YES;
				GCC_WARN_UNUSED_VARIABLE = YES;
				INFOPLIST_FILE = "";
				IPHONEOS_DEPLOYMENT_TARGET = 18.0;
				LOCALIZATION_PREFERS_STRING_CATALOGS = YES;
				MTL_ENABLE_DEBUG_INFO = NO;
				MTL_FAST_MATH = YES;
				SDKROOT = iphoneos;
				SWIFT_COMPILATION_MODE = wholemodule;
				VALIDATE_PRODUCT = YES;
			};
			name = Release;
		};
		0780577F2C9EBE4500110D93 /* Debug */ = {
			isa = XCBuildConfiguration;
			baseConfigurationReference = 65A409A71AF44F31D06C6703 /* Pods-TamagoRun-Front.debug.xcconfig */;
			buildSettings = {
				ASSETCATALOG_COMPILER_APPICON_NAME = AppIcon;
				ASSETCATALOG_COMPILER_GLOBAL_ACCENT_COLOR_NAME = AccentColor;
				CODE_SIGN_ENTITLEMENTS = "TamagoRun-Front/TamagoRun-Front.entitlements";
				CODE_SIGN_STYLE = Automatic;
				CURRENT_PROJECT_VERSION = 1;
				DEVELOPMENT_ASSET_PATHS = "";
				DEVELOPMENT_TEAM = BBVZV8T99P;
				ENABLE_PREVIEWS = YES;
				ENABLE_USER_SCRIPT_SANDBOXING = NO;
				GENERATE_INFOPLIST_FILE = NO;
				INFOPLIST_FILE = "TamagoRun-Front/Info.plist";
				INFOPLIST_KEY_NSHealthShareUsageDescription = "사용자의 운동 데이터를 건강 앱에 저장하기 위해 필요합니다.";
				INFOPLIST_KEY_NSHealthUpdateUsageDescription = "사용자의 운동 데이터를 앱에서 불러오기 위해 필요합니다.";
				INFOPLIST_KEY_UIApplicationSceneManifest_Generation = YES;
				INFOPLIST_KEY_UIApplicationSupportsIndirectInputEvents = YES;
				INFOPLIST_KEY_UILaunchScreen_Generation = YES;
				INFOPLIST_KEY_UISupportedInterfaceOrientations_iPad = "UIInterfaceOrientationPortrait UIInterfaceOrientationPortraitUpsideDown UIInterfaceOrientationLandscapeLeft UIInterfaceOrientationLandscapeRight";
				INFOPLIST_KEY_UISupportedInterfaceOrientations_iPhone = "UIInterfaceOrientationPortrait UIInterfaceOrientationLandscapeLeft UIInterfaceOrientationLandscapeRight";
				IPHONEOS_DEPLOYMENT_TARGET = 17.6;
				LD_RUNPATH_SEARCH_PATHS = (
					"$(inherited)",
					"@executable_path/Frameworks",
				);
				MARKETING_VERSION = 1.0;
				PRODUCT_BUNDLE_IDENTIFIER = edu.soongsil.cs.20213583.TamagoRunFront;
				PRODUCT_NAME = "$(TARGET_NAME)";
				SWIFT_EMIT_LOC_STRINGS = YES;
				SWIFT_VERSION = 5.0;
				TARGETED_DEVICE_FAMILY = "1,2";
			};
			name = Debug;
		};
		078057802C9EBE4500110D93 /* Release */ = {
			isa = XCBuildConfiguration;
			baseConfigurationReference = EC25744311EDC9B6670B10AC /* Pods-TamagoRun-Front.release.xcconfig */;
			buildSettings = {
				ASSETCATALOG_COMPILER_APPICON_NAME = AppIcon;
				ASSETCATALOG_COMPILER_GLOBAL_ACCENT_COLOR_NAME = AccentColor;
				CODE_SIGN_ENTITLEMENTS = "TamagoRun-Front/TamagoRun-Front.entitlements";
				CODE_SIGN_STYLE = Automatic;
				CURRENT_PROJECT_VERSION = 1;
				DEVELOPMENT_ASSET_PATHS = "";
				DEVELOPMENT_TEAM = BBVZV8T99P;
				ENABLE_PREVIEWS = YES;
				ENABLE_USER_SCRIPT_SANDBOXING = NO;
				GENERATE_INFOPLIST_FILE = NO;
				INFOPLIST_FILE = "TamagoRun-Front/Info.plist";
				INFOPLIST_KEY_NSHealthShareUsageDescription = "사용자의 운동 데이터를 건강 앱에 저장하기 위해 필요합니다.";
				INFOPLIST_KEY_NSHealthUpdateUsageDescription = "사용자의 운동 데이터를 앱에서 불러오기 위해 필요합니다.";
				INFOPLIST_KEY_UIApplicationSceneManifest_Generation = YES;
				INFOPLIST_KEY_UIApplicationSupportsIndirectInputEvents = YES;
				INFOPLIST_KEY_UILaunchScreen_Generation = YES;
				INFOPLIST_KEY_UISupportedInterfaceOrientations_iPad = "UIInterfaceOrientationPortrait UIInterfaceOrientationPortraitUpsideDown UIInterfaceOrientationLandscapeLeft UIInterfaceOrientationLandscapeRight";
				INFOPLIST_KEY_UISupportedInterfaceOrientations_iPhone = "UIInterfaceOrientationPortrait UIInterfaceOrientationLandscapeLeft UIInterfaceOrientationLandscapeRight";
				IPHONEOS_DEPLOYMENT_TARGET = 17.6;
				LD_RUNPATH_SEARCH_PATHS = (
					"$(inherited)",
					"@executable_path/Frameworks",
				);
				MARKETING_VERSION = 1.0;
				PRODUCT_BUNDLE_IDENTIFIER = edu.soongsil.cs.20213583.TamagoRunFront;
				PRODUCT_NAME = "$(TARGET_NAME)";
				SWIFT_EMIT_LOC_STRINGS = YES;
				SWIFT_VERSION = 5.0;
				TARGETED_DEVICE_FAMILY = "1,2";
			};
			name = Release;
		};
		078057822C9EBE4500110D93 /* Debug */ = {
			isa = XCBuildConfiguration;
			buildSettings = {
				BUNDLE_LOADER = "$(TEST_HOST)";
				CODE_SIGN_STYLE = Automatic;
				CURRENT_PROJECT_VERSION = 1;
				DEVELOPMENT_TEAM = BBVZV8T99P;
				GENERATE_INFOPLIST_FILE = YES;
				IPHONEOS_DEPLOYMENT_TARGET = 18.0;
				MARKETING_VERSION = 1.0;
				PRODUCT_BUNDLE_IDENTIFIER = "edu.soongsil.cs.20213583.TamagoRun-FrontTests";
				PRODUCT_NAME = "$(TARGET_NAME)";
				SWIFT_EMIT_LOC_STRINGS = NO;
				SWIFT_VERSION = 5.0;
				TARGETED_DEVICE_FAMILY = "1,2";
				TEST_HOST = "$(BUILT_PRODUCTS_DIR)/TamagoRun-Front.app/$(BUNDLE_EXECUTABLE_FOLDER_PATH)/TamagoRun-Front";
			};
			name = Debug;
		};
		078057832C9EBE4500110D93 /* Release */ = {
			isa = XCBuildConfiguration;
			buildSettings = {
				BUNDLE_LOADER = "$(TEST_HOST)";
				CODE_SIGN_STYLE = Automatic;
				CURRENT_PROJECT_VERSION = 1;
				DEVELOPMENT_TEAM = BBVZV8T99P;
				GENERATE_INFOPLIST_FILE = YES;
				IPHONEOS_DEPLOYMENT_TARGET = 18.0;
				MARKETING_VERSION = 1.0;
				PRODUCT_BUNDLE_IDENTIFIER = "edu.soongsil.cs.20213583.TamagoRun-FrontTests";
				PRODUCT_NAME = "$(TARGET_NAME)";
				SWIFT_EMIT_LOC_STRINGS = NO;
				SWIFT_VERSION = 5.0;
				TARGETED_DEVICE_FAMILY = "1,2";
				TEST_HOST = "$(BUILT_PRODUCTS_DIR)/TamagoRun-Front.app/$(BUNDLE_EXECUTABLE_FOLDER_PATH)/TamagoRun-Front";
			};
			name = Release;
		};
		078057852C9EBE4500110D93 /* Debug */ = {
			isa = XCBuildConfiguration;
			buildSettings = {
				CODE_SIGN_STYLE = Automatic;
				CURRENT_PROJECT_VERSION = 1;
				DEVELOPMENT_TEAM = BBVZV8T99P;
				GENERATE_INFOPLIST_FILE = YES;
				MARKETING_VERSION = 1.0;
				PRODUCT_BUNDLE_IDENTIFIER = "edu.soongsil.cs.20213583.TamagoRun-FrontUITests";
				PRODUCT_NAME = "$(TARGET_NAME)";
				SWIFT_EMIT_LOC_STRINGS = NO;
				SWIFT_VERSION = 5.0;
				TARGETED_DEVICE_FAMILY = "1,2";
				TEST_TARGET_NAME = "TamagoRun-Front";
			};
			name = Debug;
		};
		078057862C9EBE4500110D93 /* Release */ = {
			isa = XCBuildConfiguration;
			buildSettings = {
				CODE_SIGN_STYLE = Automatic;
				CURRENT_PROJECT_VERSION = 1;
				DEVELOPMENT_TEAM = BBVZV8T99P;
				GENERATE_INFOPLIST_FILE = YES;
				MARKETING_VERSION = 1.0;
				PRODUCT_BUNDLE_IDENTIFIER = "edu.soongsil.cs.20213583.TamagoRun-FrontUITests";
				PRODUCT_NAME = "$(TARGET_NAME)";
				SWIFT_EMIT_LOC_STRINGS = NO;
				SWIFT_VERSION = 5.0;
				TARGETED_DEVICE_FAMILY = "1,2";
				TEST_TARGET_NAME = "TamagoRun-Front";
			};
			name = Release;
		};
/* End XCBuildConfiguration section */

/* Begin XCConfigurationList section */
		078057502C9EBE4200110D93 /* Build configuration list for PBXProject "TamagoRun-Front" */ = {
			isa = XCConfigurationList;
			buildConfigurations = (
				0780577C2C9EBE4500110D93 /* Debug */,
				0780577D2C9EBE4500110D93 /* Release */,
			);
			defaultConfigurationIsVisible = 0;
			defaultConfigurationName = Release;
		};
		0780577E2C9EBE4500110D93 /* Build configuration list for PBXNativeTarget "TamagoRun-Front" */ = {
			isa = XCConfigurationList;
			buildConfigurations = (
				0780577F2C9EBE4500110D93 /* Debug */,
				078057802C9EBE4500110D93 /* Release */,
			);
			defaultConfigurationIsVisible = 0;
			defaultConfigurationName = Release;
		};
		078057812C9EBE4500110D93 /* Build configuration list for PBXNativeTarget "TamagoRun-FrontTests" */ = {
			isa = XCConfigurationList;
			buildConfigurations = (
				078057822C9EBE4500110D93 /* Debug */,
				078057832C9EBE4500110D93 /* Release */,
			);
			defaultConfigurationIsVisible = 0;
			defaultConfigurationName = Release;
		};
		078057842C9EBE4500110D93 /* Build configuration list for PBXNativeTarget "TamagoRun-FrontUITests" */ = {
			isa = XCConfigurationList;
			buildConfigurations = (
				078057852C9EBE4500110D93 /* Debug */,
				078057862C9EBE4500110D93 /* Release */,
			);
			defaultConfigurationIsVisible = 0;
			defaultConfigurationName = Release;
		};
/* End XCConfigurationList section */

/* Begin XCVersionGroup section */
		07551A412CA1348B00EAF936 /* TamagoRun_Front.xcdatamodeld */ = {
			isa = XCVersionGroup;
			children = (
				07551A442CA1348B00EAF936 /* TamagoRun_Front.xcdatamodel */,
			);
			currentVersion = 07551A442CA1348B00EAF936 /* TamagoRun_Front.xcdatamodel */;
			path = TamagoRun_Front.xcdatamodeld;
			sourceTree = "<group>";
			versionGroupType = wrapper.xcdatamodel;
		};
/* End XCVersionGroup section */
	};
	rootObject = 0780574D2C9EBE4200110D93 /* Project object */;
}
